
Microsoft Visual Studio Solution File, Format Version 12.00
# Visual Studio Version 16
VisualStudioVersion = 16.0.29613.14
MinimumVisualStudioVersion = 10.0.40219.1
Project("{FAE04EC0-301F-11D3-BF4B-00C04F79EFBC}") = "loginproject", "loginproject\loginproject.csproj", "{49BFC561-B134-4B1B-99CE-31DE862DC5C1}"
EndProject
Global
	GlobalSection(SolutionConfigurationPlatforms) = preSolution
		Debug|Any CPU = Debug|Any CPU
		Release|Any CPU = Release|Any CPU
	EndGlobalSection
	GlobalSection(ProjectConfigurationPlatforms) = postSolution
		{49BFC561-B134-4B1B-99CE-31DE862DC5C1}.Debug|Any CPU.ActiveCfg = Debug|Any CPU
		{49BFC561-B134-4B1B-99CE-31DE862DC5C1}.Debug|Any CPU.Build.0 = Debug|Any CPU
		{49BFC561-B134-4B1B-99CE-31DE862DC5C1}.Release|Any CPU.ActiveCfg = Release|Any CPU
		{49BFC561-B134-4B1B-99CE-31DE862DC5C1}.Release|Any CPU.Build.0 = Release|Any CPU
	EndGlobalSection
	GlobalSection(SolutionProperties) = preSolution
		HideSolutionNode = FALSE
	EndGlobalSection
	GlobalSection(ExtensibilityGlobals) = postSolution
		SolutionGuid = {01544069-3025-4413-BCD5-5D21870A605C}
	EndGlobalSection
EndGlobal
