
Microsoft Visual Studio Solution File, Format Version 12.00
# Visual Studio 15
VisualStudioVersion = 15.0.28307.779
MinimumVisualStudioVersion = 10.0.40219.1
Project("{FAE04EC0-301F-11D3-BF4B-00C04F79EFBC}") = "MidtermReview", "MidtermReview\MidtermReview.csproj", "{463E0C24-618E-4087-9679-0D839D8D215D}"
EndProject
Global
	GlobalSection(SolutionConfigurationPlatforms) = preSolution
		Debug|Any CPU = Debug|Any CPU
		Release|Any CPU = Release|Any CPU
	EndGlobalSection
	GlobalSection(ProjectConfigurationPlatforms) = postSolution
		{463E0C24-618E-4087-9679-0D839D8D215D}.Debug|Any CPU.ActiveCfg = Debug|Any CPU
		{463E0C24-618E-4087-9679-0D839D8D215D}.Debug|Any CPU.Build.0 = Debug|Any CPU
		{463E0C24-618E-4087-9679-0D839D8D215D}.Release|Any CPU.ActiveCfg = Release|Any CPU
		{463E0C24-618E-4087-9679-0D839D8D215D}.Release|Any CPU.Build.0 = Release|Any CPU
	EndGlobalSection
	GlobalSection(SolutionProperties) = preSolution
		HideSolutionNode = FALSE
	EndGlobalSection
	GlobalSection(ExtensibilityGlobals) = postSolution
		SolutionGuid = {04235012-DD25-4F39-A240-530CC13C0610}
	EndGlobalSection
EndGlobal
