
Microsoft Visual Studio Solution File, Format Version 12.00
# Visual Studio Version 16
VisualStudioVersion = 16.0.29613.14
MinimumVisualStudioVersion = 10.0.40219.1
Project("{FAE04EC0-301F-11D3-BF4B-00C04F79EFBC}") = "SMTITeacher-CourseManagement", "SMTITeacher-CourseManagement\SMTITeacher-CourseManagement.csproj", "{342B78B0-2404-4A64-A2D7-AD11D53DD9CF}"
EndProject
Global
	GlobalSection(SolutionConfigurationPlatforms) = preSolution
		Debug|Any CPU = Debug|Any CPU
		Release|Any CPU = Release|Any CPU
	EndGlobalSection
	GlobalSection(ProjectConfigurationPlatforms) = postSolution
		{342B78B0-2404-4A64-A2D7-AD11D53DD9CF}.Debug|Any CPU.ActiveCfg = Debug|Any CPU
		{342B78B0-2404-4A64-A2D7-AD11D53DD9CF}.Debug|Any CPU.Build.0 = Debug|Any CPU
		{342B78B0-2404-4A64-A2D7-AD11D53DD9CF}.Release|Any CPU.ActiveCfg = Release|Any CPU
		{342B78B0-2404-4A64-A2D7-AD11D53DD9CF}.Release|Any CPU.Build.0 = Release|Any CPU
	EndGlobalSection
	GlobalSection(SolutionProperties) = preSolution
		HideSolutionNode = FALSE
	EndGlobalSection
	GlobalSection(ExtensibilityGlobals) = postSolution
		SolutionGuid = {21D3AFAE-DE2E-4FA3-8735-58D3C2E67CE0}
	EndGlobalSection
EndGlobal
