
Microsoft Visual Studio Solution File, Format Version 12.00
# Visual Studio Version 16
VisualStudioVersion = 16.0.29613.14
MinimumVisualStudioVersion = 10.0.40219.1
Project("{FAE04EC0-301F-11D3-BF4B-00C04F79EFBC}") = "WebAppASPnet_MVC_Basics", "WebAppASPnet_MVC_Basics\WebAppASPnet_MVC_Basics.csproj", "{B3371FE4-218D-4E0B-8FDC-0ADFFF9F8FB5}"
EndProject
Global
	GlobalSection(SolutionConfigurationPlatforms) = preSolution
		Debug|Any CPU = Debug|Any CPU
		Release|Any CPU = Release|Any CPU
	EndGlobalSection
	GlobalSection(ProjectConfigurationPlatforms) = postSolution
		{B3371FE4-218D-4E0B-8FDC-0ADFFF9F8FB5}.Debug|Any CPU.ActiveCfg = Debug|Any CPU
		{B3371FE4-218D-4E0B-8FDC-0ADFFF9F8FB5}.Debug|Any CPU.Build.0 = Debug|Any CPU
		{B3371FE4-218D-4E0B-8FDC-0ADFFF9F8FB5}.Release|Any CPU.ActiveCfg = Release|Any CPU
		{B3371FE4-218D-4E0B-8FDC-0ADFFF9F8FB5}.Release|Any CPU.Build.0 = Release|Any CPU
	EndGlobalSection
	GlobalSection(SolutionProperties) = preSolution
		HideSolutionNode = FALSE
	EndGlobalSection
	GlobalSection(ExtensibilityGlobals) = postSolution
		SolutionGuid = {854D05AC-DD04-4DAE-86F2-B679CEA04975}
	EndGlobalSection
EndGlobal
