
Microsoft Visual Studio Solution File, Format Version 12.00
# Visual Studio Version 16
VisualStudioVersion = 16.0.29613.14
MinimumVisualStudioVersion = 10.0.40219.1
Project("{FAE04EC0-301F-11D3-BF4B-00C04F79EFBC}") = "ABC Employee-Job Assignment", "ABC Employee-Job Assignment\ABC Employee-Job Assignment.csproj", "{2A03F4FA-429A-4F8A-ADC8-DD00F9A1213D}"
EndProject
Global
	GlobalSection(SolutionConfigurationPlatforms) = preSolution
		Debug|Any CPU = Debug|Any CPU
		Release|Any CPU = Release|Any CPU
	EndGlobalSection
	GlobalSection(ProjectConfigurationPlatforms) = postSolution
		{2A03F4FA-429A-4F8A-ADC8-DD00F9A1213D}.Debug|Any CPU.ActiveCfg = Debug|Any CPU
		{2A03F4FA-429A-4F8A-ADC8-DD00F9A1213D}.Debug|Any CPU.Build.0 = Debug|Any CPU
		{2A03F4FA-429A-4F8A-ADC8-DD00F9A1213D}.Release|Any CPU.ActiveCfg = Release|Any CPU
		{2A03F4FA-429A-4F8A-ADC8-DD00F9A1213D}.Release|Any CPU.Build.0 = Release|Any CPU
	EndGlobalSection
	GlobalSection(SolutionProperties) = preSolution
		HideSolutionNode = FALSE
	EndGlobalSection
	GlobalSection(ExtensibilityGlobals) = postSolution
		SolutionGuid = {299B1030-82ED-4684-A7B4-B65C095748E0}
	EndGlobalSection
EndGlobal
