
Microsoft Visual Studio Solution File, Format Version 12.00
# Visual Studio Version 16
VisualStudioVersion = 16.0.29613.14
MinimumVisualStudioVersion = 10.0.40219.1
Project("{FAE04EC0-301F-11D3-BF4B-00C04F79EFBC}") = "lab3", "lab3\lab3.csproj", "{CE951203-42AD-4559-BEEB-0BA2D8AD19DA}"
EndProject
Global
	GlobalSection(SolutionConfigurationPlatforms) = preSolution
		Debug|Any CPU = Debug|Any CPU
		Release|Any CPU = Release|Any CPU
	EndGlobalSection
	GlobalSection(ProjectConfigurationPlatforms) = postSolution
		{CE951203-42AD-4559-BEEB-0BA2D8AD19DA}.Debug|Any CPU.ActiveCfg = Debug|Any CPU
		{CE951203-42AD-4559-BEEB-0BA2D8AD19DA}.Debug|Any CPU.Build.0 = Debug|Any CPU
		{CE951203-42AD-4559-BEEB-0BA2D8AD19DA}.Release|Any CPU.ActiveCfg = Release|Any CPU
		{CE951203-42AD-4559-BEEB-0BA2D8AD19DA}.Release|Any CPU.Build.0 = Release|Any CPU
	EndGlobalSection
	GlobalSection(SolutionProperties) = preSolution
		HideSolutionNode = FALSE
	EndGlobalSection
	GlobalSection(ExtensibilityGlobals) = postSolution
		SolutionGuid = {C3776DF7-43BB-4354-83EF-CE85A00D6F8B}
	EndGlobalSection
EndGlobal
